
Microsoft Visual Studio Solution File, Format Version 12.00
# Visual Studio Version 17
VisualStudioVersion = 17.13.35913.81 d17.13
MinimumVisualStudioVersion = 10.0.40219.1
Project("{FAE04EC0-301F-11D3-BF4B-00C04F79EFBC}") = "GAM109_Lab5", "GAM109_Lab5\GAM109_Lab5.csproj", "{61DE9950-4185-4667-BB25-F2EB93557AA8}"
EndProject
Global
	GlobalSection(SolutionConfigurationPlatforms) = preSolution
		Debug|Any CPU = Debug|Any CPU
		Release|Any CPU = Release|Any CPU
	EndGlobalSection
	GlobalSection(ProjectConfigurationPlatforms) = postSolution
		{61DE9950-4185-4667-BB25-F2EB93557AA8}.Debug|Any CPU.ActiveCfg = Debug|Any CPU
		{61DE9950-4185-4667-BB25-F2EB93557AA8}.Debug|Any CPU.Build.0 = Debug|Any CPU
		{61DE9950-4185-4667-BB25-F2EB93557AA8}.Release|Any CPU.ActiveCfg = Release|Any CPU
		{61DE9950-4185-4667-BB25-F2EB93557AA8}.Release|Any CPU.Build.0 = Release|Any CPU
	EndGlobalSection
	GlobalSection(SolutionProperties) = preSolution
		HideSolutionNode = FALSE
	EndGlobalSection
	GlobalSection(ExtensibilityGlobals) = postSolution
		SolutionGuid = {1CFCAFA8-17D9-49A7-B8F0-FD39DFD848A6}
	EndGlobalSection
EndGlobal
