
Microsoft Visual Studio Solution File, Format Version 12.00
# Visual Studio Version 17
VisualStudioVersion = 17.13.35913.81 d17.13
MinimumVisualStudioVersion = 10.0.40219.1
Project("{FAE04EC0-301F-11D3-BF4B-00C04F79EFBC}") = "GAM109_Lab6", "GAM109_Lab6\GAM109_Lab6.csproj", "{D8682D66-7A60-4D9A-8295-975B21FA9CFD}"
EndProject
Global
	GlobalSection(SolutionConfigurationPlatforms) = preSolution
		Debug|Any CPU = Debug|Any CPU
		Release|Any CPU = Release|Any CPU
	EndGlobalSection
	GlobalSection(ProjectConfigurationPlatforms) = postSolution
		{D8682D66-7A60-4D9A-8295-975B21FA9CFD}.Debug|Any CPU.ActiveCfg = Debug|Any CPU
		{D8682D66-7A60-4D9A-8295-975B21FA9CFD}.Debug|Any CPU.Build.0 = Debug|Any CPU
		{D8682D66-7A60-4D9A-8295-975B21FA9CFD}.Release|Any CPU.ActiveCfg = Release|Any CPU
		{D8682D66-7A60-4D9A-8295-975B21FA9CFD}.Release|Any CPU.Build.0 = Release|Any CPU
	EndGlobalSection
	GlobalSection(SolutionProperties) = preSolution
		HideSolutionNode = FALSE
	EndGlobalSection
	GlobalSection(ExtensibilityGlobals) = postSolution
		SolutionGuid = {CAB22192-3599-4516-B469-AFE5C166723B}
	EndGlobalSection
EndGlobal
