
Microsoft Visual Studio Solution File, Format Version 12.00
# Visual Studio Version 17
VisualStudioVersion = 17.13.35913.81 d17.13
MinimumVisualStudioVersion = 10.0.40219.1
Project("{FAE04EC0-301F-11D3-BF4B-00C04F79EFBC}") = "GAM109_Lab3", "GAM109_Lab3\GAM109_Lab3.csproj", "{08CF7AF0-B68A-47E0-B767-92D5B946FDAB}"
EndProject
Global
	GlobalSection(SolutionConfigurationPlatforms) = preSolution
		Debug|Any CPU = Debug|Any CPU
		Release|Any CPU = Release|Any CPU
	EndGlobalSection
	GlobalSection(ProjectConfigurationPlatforms) = postSolution
		{08CF7AF0-B68A-47E0-B767-92D5B946FDAB}.Debug|Any CPU.ActiveCfg = Debug|Any CPU
		{08CF7AF0-B68A-47E0-B767-92D5B946FDAB}.Debug|Any CPU.Build.0 = Debug|Any CPU
		{08CF7AF0-B68A-47E0-B767-92D5B946FDAB}.Release|Any CPU.ActiveCfg = Release|Any CPU
		{08CF7AF0-B68A-47E0-B767-92D5B946FDAB}.Release|Any CPU.Build.0 = Release|Any CPU
	EndGlobalSection
	GlobalSection(SolutionProperties) = preSolution
		HideSolutionNode = FALSE
	EndGlobalSection
	GlobalSection(ExtensibilityGlobals) = postSolution
		SolutionGuid = {683EF3CD-D3B2-4F68-9F4E-DAA7D133B2CC}
	EndGlobalSection
EndGlobal
